// !$*UTF8*$!
{
	archiveVersion = 1;
	classes = {
	};
	objectVersion = 56;
	objects = {

/* Begin PBXBuildFile section */
		E40321C229FE6AA100EE67B9 /* RegistrationViewModel.swift in Sources */ = {isa = PBXBuildFile; fileRef = E40321C129FE6AA100EE67B9 /* RegistrationViewModel.swift */; };
		E40321CA29FE7B2F00EE67B9 /* SessionService.swift in Sources */ = {isa = PBXBuildFile; fileRef = E40321C929FE7B2F00EE67B9 /* SessionService.swift */; };
		E407C5AF2A93324300A303B7 /* StartQuizView.swift in Sources */ = {isa = PBXBuildFile; fileRef = E407C5AE2A93324300A303B7 /* StartQuizView.swift */; };
		E40C3DFE29F542DD0002CE22 /* RegistrationService.swift in Sources */ = {isa = PBXBuildFile; fileRef = E40C3DFD29F542DD0002CE22 /* RegistrationService.swift */; };
		E4114BF62A4079ED00C6C91C /* ResetPasswordService.swift in Sources */ = {isa = PBXBuildFile; fileRef = E4114BF52A4079ED00C6C91C /* ResetPasswordService.swift */; };
		E4114BF92A407B8900C6C91C /* ResetPasswordViewModel.swift in Sources */ = {isa = PBXBuildFile; fileRef = E4114BF82A407B8900C6C91C /* ResetPasswordViewModel.swift */; };
		E411BA412A8F89B100760BB1 /* Colors.swift in Sources */ = {isa = PBXBuildFile; fileRef = E411BA402A8F89B100760BB1 /* Colors.swift */; };
		E41DAB492A3B38810034DB76 /* GoogleService-Info.plist in Resources */ = {isa = PBXBuildFile; fileRef = E41DAB482A3B38810034DB76 /* GoogleService-Info.plist */; };
		E424E52F2A922AB3003766CA /* ProgressComponentView.swift in Sources */ = {isa = PBXBuildFile; fileRef = E424E52E2A922AB3003766CA /* ProgressComponentView.swift */; };
		E424E5332A922ED2003766CA /* Answers.swift in Sources */ = {isa = PBXBuildFile; fileRef = E424E5322A922ED2003766CA /* Answers.swift */; };
		E424E5352A922F70003766CA /* AnswersRowView.swift in Sources */ = {isa = PBXBuildFile; fileRef = E424E5342A922F70003766CA /* AnswersRowView.swift */; };
		E424E5372A923F99003766CA /* QuizButtonView.swift in Sources */ = {isa = PBXBuildFile; fileRef = E424E5362A923F99003766CA /* QuizButtonView.swift */; };
		E424E5412A924441003766CA /* QuizModel.swift in Sources */ = {isa = PBXBuildFile; fileRef = E424E5402A924441003766CA /* QuizModel.swift */; };
		E424E5442A925B41003766CA /* QuizManager.swift in Sources */ = {isa = PBXBuildFile; fileRef = E424E5432A925B41003766CA /* QuizManager.swift */; };
		E424E5462A926408003766CA /* QuestionView.swift in Sources */ = {isa = PBXBuildFile; fileRef = E424E5452A926408003766CA /* QuestionView.swift */; };
		E424E5482A926431003766CA /* QuizView.swift in Sources */ = {isa = PBXBuildFile; fileRef = E424E5472A926431003766CA /* QuizView.swift */; };
		E438842629E2B8E600F1BB30 /* QuizApplicationApp.swift in Sources */ = {isa = PBXBuildFile; fileRef = E438842529E2B8E600F1BB30 /* QuizApplicationApp.swift */; };
		E438842A29E2B8EC00F1BB30 /* Assets.xcassets in Resources */ = {isa = PBXBuildFile; fileRef = E438842929E2B8EC00F1BB30 /* Assets.xcassets */; };
		E438842D29E2B8EC00F1BB30 /* Preview Assets.xcassets in Resources */ = {isa = PBXBuildFile; fileRef = E438842C29E2B8EC00F1BB30 /* Preview Assets.xcassets */; };
		E438843F29E2ED7500F1BB30 /* LoginView.swift in Sources */ = {isa = PBXBuildFile; fileRef = E438843E29E2ED7500F1BB30 /* LoginView.swift */; };
		E438844529E2F9B200F1BB30 /* InputDetailsView.swift in Sources */ = {isa = PBXBuildFile; fileRef = E438844429E2F9B200F1BB30 /* InputDetailsView.swift */; };
		E438844C29E3120500F1BB30 /* InputPasswordView.swift in Sources */ = {isa = PBXBuildFile; fileRef = E438844B29E3120500F1BB30 /* InputPasswordView.swift */; };
		E438844E29E3336600F1BB30 /* ButtonComponentView.swift in Sources */ = {isa = PBXBuildFile; fileRef = E438844D29E3336600F1BB30 /* ButtonComponentView.swift */; };
		E466414B29F44E7B001230C6 /* RegisterView.swift in Sources */ = {isa = PBXBuildFile; fileRef = E466414A29F44E7B001230C6 /* RegisterView.swift */; };
		E466416829F46B26001230C6 /* ProfileView.swift in Sources */ = {isa = PBXBuildFile; fileRef = E466416729F46B26001230C6 /* ProfileView.swift */; };
		E466416B29F46DC4001230C6 /* ResetPasswordView.swift in Sources */ = {isa = PBXBuildFile; fileRef = E466416A29F46DC4001230C6 /* ResetPasswordView.swift */; };
		E4DC89642A3C61A800725CD5 /* LoginService.swift in Sources */ = {isa = PBXBuildFile; fileRef = E4DC89632A3C61A800725CD5 /* LoginService.swift */; };
		E4DC89662A3C647E00725CD5 /* LoginViewModel.swift in Sources */ = {isa = PBXBuildFile; fileRef = E4DC89652A3C647E00725CD5 /* LoginViewModel.swift */; };
		E4FD10F72A06BDE100276D71 /* FirebaseAuth in Frameworks */ = {isa = PBXBuildFile; productRef = E4FD10F62A06BDE100276D71 /* FirebaseAuth */; };
		E4FD10F92A06BDE100276D71 /* FirebaseDatabase in Frameworks */ = {isa = PBXBuildFile; productRef = E4FD10F82A06BDE100276D71 /* FirebaseDatabase */; };
/* End PBXBuildFile section */

/* Begin PBXFileReference section */
		E40321C129FE6AA100EE67B9 /* RegistrationViewModel.swift */ = {isa = PBXFileReference; lastKnownFileType = sourcecode.swift; path = RegistrationViewModel.swift; sourceTree = "<group>"; };
		E40321C929FE7B2F00EE67B9 /* SessionService.swift */ = {isa = PBXFileReference; lastKnownFileType = sourcecode.swift; path = SessionService.swift; sourceTree = "<group>"; };
		E407C5AE2A93324300A303B7 /* StartQuizView.swift */ = {isa = PBXFileReference; lastKnownFileType = sourcecode.swift; path = StartQuizView.swift; sourceTree = "<group>"; };
		E40C3DFD29F542DD0002CE22 /* RegistrationService.swift */ = {isa = PBXFileReference; lastKnownFileType = sourcecode.swift; path = RegistrationService.swift; sourceTree = "<group>"; };
		E4114BF52A4079ED00C6C91C /* ResetPasswordService.swift */ = {isa = PBXFileReference; lastKnownFileType = sourcecode.swift; path = ResetPasswordService.swift; sourceTree = "<group>"; };
		E4114BF82A407B8900C6C91C /* ResetPasswordViewModel.swift */ = {isa = PBXFileReference; lastKnownFileType = sourcecode.swift; path = ResetPasswordViewModel.swift; sourceTree = "<group>"; };
		E411BA402A8F89B100760BB1 /* Colors.swift */ = {isa = PBXFileReference; lastKnownFileType = sourcecode.swift; path = Colors.swift; sourceTree = "<group>"; };
		E41DAB482A3B38810034DB76 /* GoogleService-Info.plist */ = {isa = PBXFileReference; fileEncoding = 4; lastKnownFileType = text.plist.xml; path = "GoogleService-Info.plist"; sourceTree = "<group>"; };
		E424E52E2A922AB3003766CA /* ProgressComponentView.swift */ = {isa = PBXFileReference; lastKnownFileType = sourcecode.swift; path = ProgressComponentView.swift; sourceTree = "<group>"; };
		E424E5322A922ED2003766CA /* Answers.swift */ = {isa = PBXFileReference; lastKnownFileType = sourcecode.swift; path = Answers.swift; sourceTree = "<group>"; };
		E424E5342A922F70003766CA /* AnswersRowView.swift */ = {isa = PBXFileReference; lastKnownFileType = sourcecode.swift; path = AnswersRowView.swift; sourceTree = "<group>"; };
		E424E5362A923F99003766CA /* QuizButtonView.swift */ = {isa = PBXFileReference; lastKnownFileType = sourcecode.swift; path = QuizButtonView.swift; sourceTree = "<group>"; };
		E424E5402A924441003766CA /* QuizModel.swift */ = {isa = PBXFileReference; lastKnownFileType = sourcecode.swift; path = QuizModel.swift; sourceTree = "<group>"; };
		E424E5432A925B41003766CA /* QuizManager.swift */ = {isa = PBXFileReference; lastKnownFileType = sourcecode.swift; path = QuizManager.swift; sourceTree = "<group>"; };
		E424E5452A926408003766CA /* QuestionView.swift */ = {isa = PBXFileReference; lastKnownFileType = sourcecode.swift; path = QuestionView.swift; sourceTree = "<group>"; };
		E424E5472A926431003766CA /* QuizView.swift */ = {isa = PBXFileReference; lastKnownFileType = sourcecode.swift; path = QuizView.swift; sourceTree = "<group>"; };
		E438842229E2B8E600F1BB30 /* QuizApplication.app */ = {isa = PBXFileReference; explicitFileType = wrapper.application; includeInIndex = 0; path = QuizApplication.app; sourceTree = BUILT_PRODUCTS_DIR; };
		E438842529E2B8E600F1BB30 /* QuizApplicationApp.swift */ = {isa = PBXFileReference; lastKnownFileType = sourcecode.swift; path = QuizApplicationApp.swift; sourceTree = "<group>"; };
		E438842929E2B8EC00F1BB30 /* Assets.xcassets */ = {isa = PBXFileReference; lastKnownFileType = folder.assetcatalog; path = Assets.xcassets; sourceTree = "<group>"; };
		E438842C29E2B8EC00F1BB30 /* Preview Assets.xcassets */ = {isa = PBXFileReference; lastKnownFileType = folder.assetcatalog; path = "Preview Assets.xcassets"; sourceTree = "<group>"; };
		E438843E29E2ED7500F1BB30 /* LoginView.swift */ = {isa = PBXFileReference; lastKnownFileType = sourcecode.swift; path = LoginView.swift; sourceTree = "<group>"; };
		E438844429E2F9B200F1BB30 /* InputDetailsView.swift */ = {isa = PBXFileReference; lastKnownFileType = sourcecode.swift; path = InputDetailsView.swift; sourceTree = "<group>"; };
		E438844B29E3120500F1BB30 /* InputPasswordView.swift */ = {isa = PBXFileReference; lastKnownFileType = sourcecode.swift; path = InputPasswordView.swift; sourceTree = "<group>"; };
		E438844D29E3336600F1BB30 /* ButtonComponentView.swift */ = {isa = PBXFileReference; lastKnownFileType = sourcecode.swift; path = ButtonComponentView.swift; sourceTree = "<group>"; };
		E466414A29F44E7B001230C6 /* RegisterView.swift */ = {isa = PBXFileReference; lastKnownFileType = sourcecode.swift; path = RegisterView.swift; sourceTree = "<group>"; };
		E466416729F46B26001230C6 /* ProfileView.swift */ = {isa = PBXFileReference; lastKnownFileType = sourcecode.swift; path = ProfileView.swift; sourceTree = "<group>"; };
		E466416A29F46DC4001230C6 /* ResetPasswordView.swift */ = {isa = PBXFileReference; lastKnownFileType = sourcecode.swift; path = ResetPasswordView.swift; sourceTree = "<group>"; };
		E4DC89632A3C61A800725CD5 /* LoginService.swift */ = {isa = PBXFileReference; lastKnownFileType = sourcecode.swift; path = LoginService.swift; sourceTree = "<group>"; };
		E4DC89652A3C647E00725CD5 /* LoginViewModel.swift */ = {isa = PBXFileReference; lastKnownFileType = sourcecode.swift; path = LoginViewModel.swift; sourceTree = "<group>"; };
/* End PBXFileReference section */

/* Begin PBXFrameworksBuildPhase section */
		E438841F29E2B8E600F1BB30 /* Frameworks */ = {
			isa = PBXFrameworksBuildPhase;
			buildActionMask = 2147483647;
			files = (
				E4FD10F92A06BDE100276D71 /* FirebaseDatabase in Frameworks */,
				E4FD10F72A06BDE100276D71 /* FirebaseAuth in Frameworks */,
			);
			runOnlyForDeploymentPostprocessing = 0;
		};
/* End PBXFrameworksBuildPhase section */

/* Begin PBXGroup section */
		E40321C329FE6B6A00EE67B9 /* ViewModel */ = {
			isa = PBXGroup;
			children = (
				E40321C129FE6AA100EE67B9 /* RegistrationViewModel.swift */,
			);
			path = ViewModel;
			sourceTree = "<group>";
		};
		E40321C429FE7A6900EE67B9 /* Session */ = {
			isa = PBXGroup;
			children = (
				E40321C929FE7B2F00EE67B9 /* SessionService.swift */,
			);
			path = Session;
			sourceTree = "<group>";
		};
		E40C3DFC29F542C20002CE22 /* Service */ = {
			isa = PBXGroup;
			children = (
				E40C3DFD29F542DD0002CE22 /* RegistrationService.swift */,
			);
			path = Service;
			sourceTree = "<group>";
		};
		E4114BF32A4079B100C6C91C /* Service */ = {
			isa = PBXGroup;
			children = (
				E4114BF52A4079ED00C6C91C /* ResetPasswordService.swift */,
			);
			path = Service;
			sourceTree = "<group>";
		};
		E4114BF42A4079BE00C6C91C /* View */ = {
			isa = PBXGroup;
			children = (
				E466416A29F46DC4001230C6 /* ResetPasswordView.swift */,
			);
			path = View;
			sourceTree = "<group>";
		};
		E4114BF72A407B7400C6C91C /* ViewModel */ = {
			isa = PBXGroup;
			children = (
				E4114BF82A407B8900C6C91C /* ResetPasswordViewModel.swift */,
			);
			path = ViewModel;
			sourceTree = "<group>";
		};
		E424E5302A922E96003766CA /* ViewModel */ = {
			isa = PBXGroup;
			children = (
				E424E5322A922ED2003766CA /* Answers.swift */,
				E424E5402A924441003766CA /* QuizModel.swift */,
			);
			path = ViewModel;
			sourceTree = "<group>";
		};
		E424E5422A925AD3003766CA /* Manager */ = {
			isa = PBXGroup;
			children = (
				E424E5432A925B41003766CA /* QuizManager.swift */,
			);
			path = Manager;
			sourceTree = "<group>";
		};
		E438841929E2B8E600F1BB30 = {
			isa = PBXGroup;
			children = (
				E438842429E2B8E600F1BB30 /* QuizApplication */,
				E438842329E2B8E600F1BB30 /* Products */,
			);
			sourceTree = "<group>";
		};
		E438842329E2B8E600F1BB30 /* Products */ = {
			isa = PBXGroup;
			children = (
				E438842229E2B8E600F1BB30 /* QuizApplication.app */,
			);
			name = Products;
			sourceTree = "<group>";
		};
		E438842429E2B8E600F1BB30 /* QuizApplication */ = {
			isa = PBXGroup;
			children = (
				E41DAB482A3B38810034DB76 /* GoogleService-Info.plist */,
				E438844329E2F98B00F1BB30 /* Components */,
				E438843A29E2ECE900F1BB30 /* Feature */,
				E438842529E2B8E600F1BB30 /* QuizApplicationApp.swift */,
				E438842929E2B8EC00F1BB30 /* Assets.xcassets */,
				E438842B29E2B8EC00F1BB30 /* Preview Content */,
			);
			path = QuizApplication;
			sourceTree = "<group>";
		};
		E438842B29E2B8EC00F1BB30 /* Preview Content */ = {
			isa = PBXGroup;
			children = (
				E438842C29E2B8EC00F1BB30 /* Preview Assets.xcassets */,
			);
			path = "Preview Content";
			sourceTree = "<group>";
		};
		E438843A29E2ECE900F1BB30 /* Feature */ = {
			isa = PBXGroup;
			children = (
				E47D98FD2A4462690090D259 /* Quiz */,
				E40321C429FE7A6900EE67B9 /* Session */,
				E438843D29E2ED6100F1BB30 /* Login */,
				E466414929F44E4B001230C6 /* Register */,
				E466416629F46B0F001230C6 /* Profile */,
				E466416929F46DA8001230C6 /* ResetPassword */,
			);
			path = Feature;
			sourceTree = "<group>";
		};
		E438843D29E2ED6100F1BB30 /* Login */ = {
			isa = PBXGroup;
			children = (
				E4DC89622A3C619500725CD5 /* Service */,
				E4DC895E2A3C611100725CD5 /* ViewModel */,
				E438843E29E2ED7500F1BB30 /* LoginView.swift */,
			);
			path = Login;
			sourceTree = "<group>";
		};
		E438844329E2F98B00F1BB30 /* Components */ = {
			isa = PBXGroup;
			children = (
				E438844429E2F9B200F1BB30 /* InputDetailsView.swift */,
				E438844B29E3120500F1BB30 /* InputPasswordView.swift */,
				E438844D29E3336600F1BB30 /* ButtonComponentView.swift */,
				E411BA402A8F89B100760BB1 /* Colors.swift */,
				E424E52E2A922AB3003766CA /* ProgressComponentView.swift */,
				E424E5342A922F70003766CA /* AnswersRowView.swift */,
				E424E5362A923F99003766CA /* QuizButtonView.swift */,
			);
			path = Components;
			sourceTree = "<group>";
		};
		E466414929F44E4B001230C6 /* Register */ = {
			isa = PBXGroup;
			children = (
				E40C3DFC29F542C20002CE22 /* Service */,
				E40321C329FE6B6A00EE67B9 /* ViewModel */,
				E466414A29F44E7B001230C6 /* RegisterView.swift */,
			);
			path = Register;
			sourceTree = "<group>";
		};
		E466416629F46B0F001230C6 /* Profile */ = {
			isa = PBXGroup;
			children = (
				E466416729F46B26001230C6 /* ProfileView.swift */,
			);
			path = Profile;
			sourceTree = "<group>";
		};
		E466416929F46DA8001230C6 /* ResetPassword */ = {
			isa = PBXGroup;
			children = (
				E4114BF72A407B7400C6C91C /* ViewModel */,
				E4114BF32A4079B100C6C91C /* Service */,
				E4114BF42A4079BE00C6C91C /* View */,
			);
			path = ResetPassword;
			sourceTree = "<group>";
		};
		E47D98FD2A4462690090D259 /* Quiz */ = {
			isa = PBXGroup;
			children = (
				E424E5422A925AD3003766CA /* Manager */,
				E424E5302A922E96003766CA /* ViewModel */,
				E424E5452A926408003766CA /* QuestionView.swift */,
				E424E5472A926431003766CA /* QuizView.swift */,
				E407C5AE2A93324300A303B7 /* StartQuizView.swift */,
			);
			path = Quiz;
			sourceTree = "<group>";
		};
		E4DC895E2A3C611100725CD5 /* ViewModel */ = {
			isa = PBXGroup;
			children = (
				E4DC89652A3C647E00725CD5 /* LoginViewModel.swift */,
			);
			path = ViewModel;
			sourceTree = "<group>";
		};
		E4DC89622A3C619500725CD5 /* Service */ = {
			isa = PBXGroup;
			children = (
				E4DC89632A3C61A800725CD5 /* LoginService.swift */,
			);
			path = Service;
			sourceTree = "<group>";
		};
/* End PBXGroup section */

/* Begin PBXNativeTarget section */
		E438842129E2B8E600F1BB30 /* QuizApplication */ = {
			isa = PBXNativeTarget;
			buildConfigurationList = E438843029E2B8EC00F1BB30 /* Build configuration list for PBXNativeTarget "QuizApplication" */;
			buildPhases = (
				E438841E29E2B8E600F1BB30 /* Sources */,
				E438841F29E2B8E600F1BB30 /* Frameworks */,
				E438842029E2B8E600F1BB30 /* Resources */,
			);
			buildRules = (
			);
			dependencies = (
			);
			name = QuizApplication;
			packageProductDependencies = (
				E4FD10F62A06BDE100276D71 /* FirebaseAuth */,
				E4FD10F82A06BDE100276D71 /* FirebaseDatabase */,
			);
			productName = QuizApplication;
			productReference = E438842229E2B8E600F1BB30 /* QuizApplication.app */;
			productType = "com.apple.product-type.application";
		};
/* End PBXNativeTarget section */

/* Begin PBXProject section */
		E438841A29E2B8E600F1BB30 /* Project object */ = {
			isa = PBXProject;
			attributes = {
				BuildIndependentTargetsInParallel = 1;
				LastSwiftUpdateCheck = 1420;
				LastUpgradeCheck = 1420;
				TargetAttributes = {
					E438842129E2B8E600F1BB30 = {
						CreatedOnToolsVersion = 14.2;
					};
				};
			};
			buildConfigurationList = E438841D29E2B8E600F1BB30 /* Build configuration list for PBXProject "QuizApplication" */;
			compatibilityVersion = "Xcode 14.0";
			developmentRegion = en;
			hasScannedForEncodings = 0;
			knownRegions = (
				en,
				Base,
			);
			mainGroup = E438841929E2B8E600F1BB30;
			packageReferences = (
				E4FD10F52A06BDE100276D71 /* XCRemoteSwiftPackageReference "firebase-ios-sdk" */,
			);
			productRefGroup = E438842329E2B8E600F1BB30 /* Products */;
			projectDirPath = "";
			projectRoot = "";
			targets = (
				E438842129E2B8E600F1BB30 /* QuizApplication */,
			);
		};
/* End PBXProject section */

/* Begin PBXResourcesBuildPhase section */
		E438842029E2B8E600F1BB30 /* Resources */ = {
			isa = PBXResourcesBuildPhase;
			buildActionMask = 2147483647;
			files = (
				E438842D29E2B8EC00F1BB30 /* Preview Assets.xcassets in Resources */,
				E438842A29E2B8EC00F1BB30 /* Assets.xcassets in Resources */,
				E41DAB492A3B38810034DB76 /* GoogleService-Info.plist in Resources */,
			);
			runOnlyForDeploymentPostprocessing = 0;
		};
/* End PBXResourcesBuildPhase section */

/* Begin PBXSourcesBuildPhase section */
		E438841E29E2B8E600F1BB30 /* Sources */ = {
			isa = PBXSourcesBuildPhase;
			buildActionMask = 2147483647;
			files = (
				E466416829F46B26001230C6 /* ProfileView.swift in Sources */,
				E40321CA29FE7B2F00EE67B9 /* SessionService.swift in Sources */,
				E424E5482A926431003766CA /* QuizView.swift in Sources */,
				E40321C229FE6AA100EE67B9 /* RegistrationViewModel.swift in Sources */,
				E424E5332A922ED2003766CA /* Answers.swift in Sources */,
				E411BA412A8F89B100760BB1 /* Colors.swift in Sources */,
				E438844C29E3120500F1BB30 /* InputPasswordView.swift in Sources */,
				E424E52F2A922AB3003766CA /* ProgressComponentView.swift in Sources */,
				E424E5352A922F70003766CA /* AnswersRowView.swift in Sources */,
				E438843F29E2ED7500F1BB30 /* LoginView.swift in Sources */,
				E4114BF92A407B8900C6C91C /* ResetPasswordViewModel.swift in Sources */,
				E466416B29F46DC4001230C6 /* ResetPasswordView.swift in Sources */,
				E4114BF62A4079ED00C6C91C /* ResetPasswordService.swift in Sources */,
				E424E5372A923F99003766CA /* QuizButtonView.swift in Sources */,
				E466414B29F44E7B001230C6 /* RegisterView.swift in Sources */,
				E4DC89642A3C61A800725CD5 /* LoginService.swift in Sources */,
				E407C5AF2A93324300A303B7 /* StartQuizView.swift in Sources */,
				E424E5442A925B41003766CA /* QuizManager.swift in Sources */,
				E424E5462A926408003766CA /* QuestionView.swift in Sources */,
				E4DC89662A3C647E00725CD5 /* LoginViewModel.swift in Sources */,
				E438844529E2F9B200F1BB30 /* InputDetailsView.swift in Sources */,
				E438844E29E3336600F1BB30 /* ButtonComponentView.swift in Sources */,
				E438842629E2B8E600F1BB30 /* QuizApplicationApp.swift in Sources */,
				E424E5412A924441003766CA /* QuizModel.swift in Sources */,
				E40C3DFE29F542DD0002CE22 /* RegistrationService.swift in Sources */,
			);
			runOnlyForDeploymentPostprocessing = 0;
		};
/* End PBXSourcesBuildPhase section */

/* Begin XCBuildConfiguration section */
		E438842E29E2B8EC00F1BB30 /* Debug */ = {
			isa = XCBuildConfiguration;
			buildSettings = {
				ALWAYS_SEARCH_USER_PATHS = NO;
				CLANG_ANALYZER_NONNULL = YES;
				CLANG_ANALYZER_NUMBER_OBJECT_CONVERSION = YES_AGGRESSIVE;
				CLANG_CXX_LANGUAGE_STANDARD = "gnu++20";
				CLANG_ENABLE_MODULES = YES;
				CLANG_ENABLE_OBJC_ARC = YES;
				CLANG_ENABLE_OBJC_WEAK = YES;
				CLANG_WARN_BLOCK_CAPTURE_AUTORELEASING = YES;
				CLANG_WARN_BOOL_CONVERSION = YES;
				CLANG_WARN_COMMA = YES;
				CLANG_WARN_CONSTANT_CONVERSION = YES;
				CLANG_WARN_DEPRECATED_OBJC_IMPLEMENTATIONS = YES;
				CLANG_WARN_DIRECT_OBJC_ISA_USAGE = YES_ERROR;
				CLANG_WARN_DOCUMENTATION_COMMENTS = YES;
				CLANG_WARN_EMPTY_BODY = YES;
				CLANG_WARN_ENUM_CONVERSION = YES;
				CLANG_WARN_INFINITE_RECURSION = YES;
				CLANG_WARN_INT_CONVERSION = YES;
				CLANG_WARN_NON_LITERAL_NULL_CONVERSION = YES;
				CLANG_WARN_OBJC_IMPLICIT_RETAIN_SELF = YES;
				CLANG_WARN_OBJC_LITERAL_CONVERSION = YES;
				CLANG_WARN_OBJC_ROOT_CLASS = YES_ERROR;
				CLANG_WARN_QUOTED_INCLUDE_IN_FRAMEWORK_HEADER = YES;
				CLANG_WARN_RANGE_LOOP_ANALYSIS = YES;
				CLANG_WARN_STRICT_PROTOTYPES = YES;
				CLANG_WARN_SUSPICIOUS_MOVE = YES;
				CLANG_WARN_UNGUARDED_AVAILABILITY = YES_AGGRESSIVE;
				CLANG_WARN_UNREACHABLE_CODE = YES;
				CLANG_WARN__DUPLICATE_METHOD_MATCH = YES;
				COPY_PHASE_STRIP = NO;
				DEBUG_INFORMATION_FORMAT = dwarf;
				ENABLE_STRICT_OBJC_MSGSEND = YES;
				ENABLE_TESTABILITY = YES;
				GCC_C_LANGUAGE_STANDARD = gnu11;
				GCC_DYNAMIC_NO_PIC = NO;
				GCC_NO_COMMON_BLOCKS = YES;
				GCC_OPTIMIZATION_LEVEL = 0;
				GCC_PREPROCESSOR_DEFINITIONS = (
					"DEBUG=1",
					"$(inherited)",
				);
				GCC_WARN_64_TO_32_BIT_CONVERSION = YES;
				GCC_WARN_ABOUT_RETURN_TYPE = YES_ERROR;
				GCC_WARN_UNDECLARED_SELECTOR = YES;
				GCC_WARN_UNINITIALIZED_AUTOS = YES_AGGRESSIVE;
				GCC_WARN_UNUSED_FUNCTION = YES;
				GCC_WARN_UNUSED_VARIABLE = YES;
				IPHONEOS_DEPLOYMENT_TARGET = 16.2;
				MTL_ENABLE_DEBUG_INFO = INCLUDE_SOURCE;
				MTL_FAST_MATH = YES;
				ONLY_ACTIVE_ARCH = YES;
				SDKROOT = iphoneos;
				SWIFT_ACTIVE_COMPILATION_CONDITIONS = DEBUG;
				SWIFT_OPTIMIZATION_LEVEL = "-Onone";
			};
			name = Debug;
		};
		E438842F29E2B8EC00F1BB30 /* Release */ = {
			isa = XCBuildConfiguration;
			buildSettings = {
				ALWAYS_SEARCH_USER_PATHS = NO;
				CLANG_ANALYZER_NONNULL = YES;
				CLANG_ANALYZER_NUMBER_OBJECT_CONVERSION = YES_AGGRESSIVE;
				CLANG_CXX_LANGUAGE_STANDARD = "gnu++20";
				CLANG_ENABLE_MODULES = YES;
				CLANG_ENABLE_OBJC_ARC = YES;
				CLANG_ENABLE_OBJC_WEAK = YES;
				CLANG_WARN_BLOCK_CAPTURE_AUTORELEASING = YES;
				CLANG_WARN_BOOL_CONVERSION = YES;
				CLANG_WARN_COMMA = YES;
				CLANG_WARN_CONSTANT_CONVERSION = YES;
				CLANG_WARN_DEPRECATED_OBJC_IMPLEMENTATIONS = YES;
				CLANG_WARN_DIRECT_OBJC_ISA_USAGE = YES_ERROR;
				CLANG_WARN_DOCUMENTATION_COMMENTS = YES;
				CLANG_WARN_EMPTY_BODY = YES;
				CLANG_WARN_ENUM_CONVERSION = YES;
				CLANG_WARN_INFINITE_RECURSION = YES;
				CLANG_WARN_INT_CONVERSION = YES;
				CLANG_WARN_NON_LITERAL_NULL_CONVERSION = YES;
				CLANG_WARN_OBJC_IMPLICIT_RETAIN_SELF = YES;
				CLANG_WARN_OBJC_LITERAL_CONVERSION = YES;
				CLANG_WARN_OBJC_ROOT_CLASS = YES_ERROR;
				CLANG_WARN_QUOTED_INCLUDE_IN_FRAMEWORK_HEADER = YES;
				CLANG_WARN_RANGE_LOOP_ANALYSIS = YES;
				CLANG_WARN_STRICT_PROTOTYPES = YES;
				CLANG_WARN_SUSPICIOUS_MOVE = YES;
				CLANG_WARN_UNGUARDED_AVAILABILITY = YES_AGGRESSIVE;
				CLANG_WARN_UNREACHABLE_CODE = YES;
				CLANG_WARN__DUPLICATE_METHOD_MATCH = YES;
				COPY_PHASE_STRIP = NO;
				DEBUG_INFORMATION_FORMAT = "dwarf-with-dsym";
				ENABLE_NS_ASSERTIONS = NO;
				ENABLE_STRICT_OBJC_MSGSEND = YES;
				GCC_C_LANGUAGE_STANDARD = gnu11;
				GCC_NO_COMMON_BLOCKS = YES;
				GCC_WARN_64_TO_32_BIT_CONVERSION = YES;
				GCC_WARN_ABOUT_RETURN_TYPE = YES_ERROR;
				GCC_WARN_UNDECLARED_SELECTOR = YES;
				GCC_WARN_UNINITIALIZED_AUTOS = YES_AGGRESSIVE;
				GCC_WARN_UNUSED_FUNCTION = YES;
				GCC_WARN_UNUSED_VARIABLE = YES;
				IPHONEOS_DEPLOYMENT_TARGET = 16.2;
				MTL_ENABLE_DEBUG_INFO = NO;
				MTL_FAST_MATH = YES;
				SDKROOT = iphoneos;
				SWIFT_COMPILATION_MODE = wholemodule;
				SWIFT_OPTIMIZATION_LEVEL = "-O";
				VALIDATE_PRODUCT = YES;
			};
			name = Release;
		};
		E438843129E2B8EC00F1BB30 /* Debug */ = {
			isa = XCBuildConfiguration;
			buildSettings = {
				ASSETCATALOG_COMPILER_APPICON_NAME = AppIcon;
				ASSETCATALOG_COMPILER_GLOBAL_ACCENT_COLOR_NAME = AccentColor;
				CODE_SIGN_STYLE = Automatic;
				CURRENT_PROJECT_VERSION = 1;
				DEVELOPMENT_ASSET_PATHS = "\"QuizApplication/Preview Content\"";
				ENABLE_PREVIEWS = YES;
				GENERATE_INFOPLIST_FILE = YES;
				INFOPLIST_KEY_UIApplicationSceneManifest_Generation = YES;
				INFOPLIST_KEY_UIApplicationSupportsIndirectInputEvents = YES;
				INFOPLIST_KEY_UILaunchScreen_Generation = YES;
				INFOPLIST_KEY_UISupportedInterfaceOrientations_iPad = "UIInterfaceOrientationPortrait UIInterfaceOrientationPortraitUpsideDown UIInterfaceOrientationLandscapeLeft UIInterfaceOrientationLandscapeRight";
				INFOPLIST_KEY_UISupportedInterfaceOrientations_iPhone = "UIInterfaceOrientationPortrait UIInterfaceOrientationLandscapeLeft UIInterfaceOrientationLandscapeRight";
				IPHONEOS_DEPLOYMENT_TARGET = 15.0;
				LD_RUNPATH_SEARCH_PATHS = (
					"$(inherited)",
					"@executable_path/Frameworks",
				);
				MARKETING_VERSION = 1.0;
				OTHER_LDFLAGS = "-ObjC";
				PRODUCT_BUNDLE_IDENTIFIER = com.endava.QuizApplication;
				PRODUCT_NAME = "$(TARGET_NAME)";
				SWIFT_EMIT_LOC_STRINGS = YES;
				SWIFT_VERSION = 5.0;
				TARGETED_DEVICE_FAMILY = "1,2";
			};
			name = Debug;
		};
		E438843229E2B8EC00F1BB30 /* Release */ = {
			isa = XCBuildConfiguration;
			buildSettings = {
				ASSETCATALOG_COMPILER_APPICON_NAME = AppIcon;
				ASSETCATALOG_COMPILER_GLOBAL_ACCENT_COLOR_NAME = AccentColor;
				CODE_SIGN_STYLE = Automatic;
				CURRENT_PROJECT_VERSION = 1;
				DEVELOPMENT_ASSET_PATHS = "\"QuizApplication/Preview Content\"";
				ENABLE_PREVIEWS = YES;
				GENERATE_INFOPLIST_FILE = YES;
				INFOPLIST_KEY_UIApplicationSceneManifest_Generation = YES;
				INFOPLIST_KEY_UIApplicationSupportsIndirectInputEvents = YES;
				INFOPLIST_KEY_UILaunchScreen_Generation = YES;
				INFOPLIST_KEY_UISupportedInterfaceOrientations_iPad = "UIInterfaceOrientationPortrait UIInterfaceOrientationPortraitUpsideDown UIInterfaceOrientationLandscapeLeft UIInterfaceOrientationLandscapeRight";
				INFOPLIST_KEY_UISupportedInterfaceOrientations_iPhone = "UIInterfaceOrientationPortrait UIInterfaceOrientationLandscapeLeft UIInterfaceOrientationLandscapeRight";
				IPHONEOS_DEPLOYMENT_TARGET = 15.0;
				LD_RUNPATH_SEARCH_PATHS = (
					"$(inherited)",
					"@executable_path/Frameworks",
				);
				MARKETING_VERSION = 1.0;
				OTHER_LDFLAGS = "-ObjC";
				PRODUCT_BUNDLE_IDENTIFIER = com.endava.QuizApplication;
				PRODUCT_NAME = "$(TARGET_NAME)";
				SWIFT_EMIT_LOC_STRINGS = YES;
				SWIFT_VERSION = 5.0;
				TARGETED_DEVICE_FAMILY = "1,2";
			};
			name = Release;
		};
/* End XCBuildConfiguration section */

/* Begin XCConfigurationList section */
		E438841D29E2B8E600F1BB30 /* Build configuration list for PBXProject "QuizApplication" */ = {
			isa = XCConfigurationList;
			buildConfigurations = (
				E438842E29E2B8EC00F1BB30 /* Debug */,
				E438842F29E2B8EC00F1BB30 /* Release */,
			);
			defaultConfigurationIsVisible = 0;
			defaultConfigurationName = Release;
		};
		E438843029E2B8EC00F1BB30 /* Build configuration list for PBXNativeTarget "QuizApplication" */ = {
			isa = XCConfigurationList;
			buildConfigurations = (
				E438843129E2B8EC00F1BB30 /* Debug */,
				E438843229E2B8EC00F1BB30 /* Release */,
			);
			defaultConfigurationIsVisible = 0;
			defaultConfigurationName = Release;
		};
/* End XCConfigurationList section */

/* Begin XCRemoteSwiftPackageReference section */
		E4FD10F52A06BDE100276D71 /* XCRemoteSwiftPackageReference "firebase-ios-sdk" */ = {
			isa = XCRemoteSwiftPackageReference;
			repositoryURL = "https://github.com/firebase/firebase-ios-sdk.git";
			requirement = {
				kind = upToNextMajorVersion;
				minimumVersion = 8.1.0;
			};
		};
/* End XCRemoteSwiftPackageReference section */

/* Begin XCSwiftPackageProductDependency section */
		E4FD10F62A06BDE100276D71 /* FirebaseAuth */ = {
			isa = XCSwiftPackageProductDependency;
			package = E4FD10F52A06BDE100276D71 /* XCRemoteSwiftPackageReference "firebase-ios-sdk" */;
			productName = FirebaseAuth;
		};
		E4FD10F82A06BDE100276D71 /* FirebaseDatabase */ = {
			isa = XCSwiftPackageProductDependency;
			package = E4FD10F52A06BDE100276D71 /* XCRemoteSwiftPackageReference "firebase-ios-sdk" */;
			productName = FirebaseDatabase;
		};
/* End XCSwiftPackageProductDependency section */
	};
	rootObject = E438841A29E2B8E600F1BB30 /* Project object */;
}
